// !$*UTF8*$!
{
	archiveVersion = 1;
	classes = {
	};
	objectVersion = 46;
	objects = {

/* Begin PBXBuildFile section */
		1C417DCD1ACE8E520011C490 /* SKBLedge.m in Sources */ = {isa = PBXBuildFile; fileRef = 1C417DCC1ACE8E520011C490 /* SKBLedge.m */; };
		1C78ABC01ACE33E5000FE213 /* Backdrop_480.png in Resources */ = {isa = PBXBuildFile; fileRef = 1C78ABAC1ACE33E5000FE213 /* Backdrop_480.png */; };
		1C78ABC11ACE33E5000FE213 /* Backdrop_568.png in Resources */ = {isa = PBXBuildFile; fileRef = 1C78ABAD1ACE33E5000FE213 /* Backdrop_568.png */; };
		1C78ABC21ACE33E5000FE213 /* Base_600.png in Resources */ = {isa = PBXBuildFile; fileRef = 1C78ABAE1ACE33E5000FE213 /* Base_600.png */; };
		1C78ABC31ACE33E5000FE213 /* LedgeBrick.png in Resources */ = {isa = PBXBuildFile; fileRef = 1C78ABAF1ACE33E5000FE213 /* LedgeBrick.png */; };
		1C78ABC41ACE33E5000FE213 /* Player_Left_Still.png in Resources */ = {isa = PBXBuildFile; fileRef = 1C78ABB01ACE33E5000FE213 /* Player_Left_Still.png */; };
		1C78ABC51ACE33E5000FE213 /* Player_Left1.png in Resources */ = {isa = PBXBuildFile; fileRef = 1C78ABB11ACE33E5000FE213 /* Player_Left1.png */; };
		1C78ABC61ACE33E5000FE213 /* Player_Left2.png in Resources */ = {isa = PBXBuildFile; fileRef = 1C78ABB21ACE33E5000FE213 /* Player_Left2.png */; };
		1C78ABC71ACE33E5000FE213 /* Player_Left3.png in Resources */ = {isa = PBXBuildFile; fileRef = 1C78ABB31ACE33E5000FE213 /* Player_Left3.png */; };
		1C78ABC81ACE33E5000FE213 /* Player_Left4.png in Resources */ = {isa = PBXBuildFile; fileRef = 1C78ABB41ACE33E5000FE213 /* Player_Left4.png */; };
		1C78ABC91ACE33E5000FE213 /* Player_LeftJump.png in Resources */ = {isa = PBXBuildFile; fileRef = 1C78ABB51ACE33E5000FE213 /* Player_LeftJump.png */; };
		1C78ABCA1ACE33E5000FE213 /* Player_LeftSkid.png in Resources */ = {isa = PBXBuildFile; fileRef = 1C78ABB61ACE33E5000FE213 /* Player_LeftSkid.png */; };
		1C78ABCB1ACE33E5000FE213 /* Player_Right_Still.png in Resources */ = {isa = PBXBuildFile; fileRef = 1C78ABB71ACE33E5000FE213 /* Player_Right_Still.png */; };
		1C78ABCC1ACE33E5000FE213 /* Player_Right1.png in Resources */ = {isa = PBXBuildFile; fileRef = 1C78ABB81ACE33E5000FE213 /* Player_Right1.png */; };
		1C78ABCD1ACE33E5000FE213 /* Player_Right2.png in Resources */ = {isa = PBXBuildFile; fileRef = 1C78ABB91ACE33E5000FE213 /* Player_Right2.png */; };
		1C78ABCE1ACE33E5000FE213 /* Player_Right3.png in Resources */ = {isa = PBXBuildFile; fileRef = 1C78ABBA1ACE33E5000FE213 /* Player_Right3.png */; };
		1C78ABCF1ACE33E5000FE213 /* Player_Right4.png in Resources */ = {isa = PBXBuildFile; fileRef = 1C78ABBB1ACE33E5000FE213 /* Player_Right4.png */; };
		1C78ABD01ACE33E5000FE213 /* Player_RightJump.png in Resources */ = {isa = PBXBuildFile; fileRef = 1C78ABBC1ACE33E5000FE213 /* Player_RightJump.png */; };
		1C78ABD11ACE33E5000FE213 /* Player_RightSkid.png in Resources */ = {isa = PBXBuildFile; fileRef = 1C78ABBD1ACE33E5000FE213 /* Player_RightSkid.png */; };
		1C78ABD21ACE33E5000FE213 /* SewerSplash_480.png in Resources */ = {isa = PBXBuildFile; fileRef = 1C78ABBE1ACE33E5000FE213 /* SewerSplash_480.png */; };
		1C78ABD31ACE33E5000FE213 /* SewerSplash_568.png in Resources */ = {isa = PBXBuildFile; fileRef = 1C78ABBF1ACE33E5000FE213 /* SewerSplash_568.png */; };
		1C8C70C81ACB958B00E3B7A5 /* main.m in Sources */ = {isa = PBXBuildFile; fileRef = 1C8C70C71ACB958B00E3B7A5 /* main.m */; };
		1C8C70CB1ACB958B00E3B7A5 /* AppDelegate.m in Sources */ = {isa = PBXBuildFile; fileRef = 1C8C70CA1ACB958B00E3B7A5 /* AppDelegate.m */; };
		1C8C70D01ACB958B00E3B7A5 /* GameScene.sks in Resources */ = {isa = PBXBuildFile; fileRef = 1C8C70CF1ACB958B00E3B7A5 /* GameScene.sks */; };
		1C8C70D31ACB958B00E3B7A5 /* GameViewController.m in Sources */ = {isa = PBXBuildFile; fileRef = 1C8C70D21ACB958B00E3B7A5 /* GameViewController.m */; };
		1C8C70D61ACB958B00E3B7A5 /* Main.storyboard in Resources */ = {isa = PBXBuildFile; fileRef = 1C8C70D41ACB958B00E3B7A5 /* Main.storyboard */; };
		1C8C70D81ACB958B00E3B7A5 /* Images.xcassets in Resources */ = {isa = PBXBuildFile; fileRef = 1C8C70D71ACB958B00E3B7A5 /* Images.xcassets */; };
		1C8C70DB1ACB958B00E3B7A5 /* LaunchScreen.xib in Resources */ = {isa = PBXBuildFile; fileRef = 1C8C70D91ACB958B00E3B7A5 /* LaunchScreen.xib */; };
		1C8C70FF1ACBC53000E3B7A5 /* SKBSplashScene.m in Sources */ = {isa = PBXBuildFile; fileRef = 1C8C70FE1ACBC53000E3B7A5 /* SKBSplashScene.m */; };
		1C8C71051ACBCAF400E3B7A5 /* SKBGameScene.m in Sources */ = {isa = PBXBuildFile; fileRef = 1C8C71041ACBCAF400E3B7A5 /* SKBGameScene.m */; };
		1C8C71081ACBD84600E3B7A5 /* SKBPlayer.m in Sources */ = {isa = PBXBuildFile; fileRef = 1C8C71071ACBD84600E3B7A5 /* SKBPlayer.m */; };
		1C8C710B1ACBE29C00E3B7A5 /* SKBSpriteTextures.m in Sources */ = {isa = PBXBuildFile; fileRef = 1C8C710A1ACBE29C00E3B7A5 /* SKBSpriteTextures.m */; };
		1CA682CE1AD2229A00104496 /* SKBRat.m in Sources */ = {isa = PBXBuildFile; fileRef = 1CA682CD1AD2229A00104496 /* SKBRat.m */; };
		1CA682D91AD232D700104496 /* Ratz_Left1.png in Resources */ = {isa = PBXBuildFile; fileRef = 1CA682CF1AD232D700104496 /* Ratz_Left1.png */; };
		1CA682DA1AD232D700104496 /* Ratz_Left2.png in Resources */ = {isa = PBXBuildFile; fileRef = 1CA682D01AD232D700104496 /* Ratz_Left2.png */; };
		1CA682DB1AD232D700104496 /* Ratz_Left3.png in Resources */ = {isa = PBXBuildFile; fileRef = 1CA682D11AD232D700104496 /* Ratz_Left3.png */; };
		1CA682DC1AD232D700104496 /* Ratz_Left4.png in Resources */ = {isa = PBXBuildFile; fileRef = 1CA682D21AD232D700104496 /* Ratz_Left4.png */; };
		1CA682DD1AD232D700104496 /* Ratz_Left5.png in Resources */ = {isa = PBXBuildFile; fileRef = 1CA682D31AD232D700104496 /* Ratz_Left5.png */; };
		1CA682DE1AD232D700104496 /* Ratz_Right1.png in Resources */ = {isa = PBXBuildFile; fileRef = 1CA682D41AD232D700104496 /* Ratz_Right1.png */; };
		1CA682DF1AD232D700104496 /* Ratz_Right2.png in Resources */ = {isa = PBXBuildFile; fileRef = 1CA682D51AD232D700104496 /* Ratz_Right2.png */; };
		1CA682E01AD232D700104496 /* Ratz_Right3.png in Resources */ = {isa = PBXBuildFile; fileRef = 1CA682D61AD232D700104496 /* Ratz_Right3.png */; };
		1CA682E11AD232D700104496 /* Ratz_Right4.png in Resources */ = {isa = PBXBuildFile; fileRef = 1CA682D71AD232D700104496 /* Ratz_Right4.png */; };
		1CA682E21AD232D700104496 /* Ratz_Right5.png in Resources */ = {isa = PBXBuildFile; fileRef = 1CA682D81AD232D700104496 /* Ratz_Right5.png */; };
		1CA682E61AD26CDB00104496 /* Coin1.png in Resources */ = {isa = PBXBuildFile; fileRef = 1CA682E31AD26CDB00104496 /* Coin1.png */; };
		1CA682E71AD26CDB00104496 /* Coin2.png in Resources */ = {isa = PBXBuildFile; fileRef = 1CA682E41AD26CDB00104496 /* Coin2.png */; };
		1CA682E81AD26CDB00104496 /* Coin3.png in Resources */ = {isa = PBXBuildFile; fileRef = 1CA682E51AD26CDB00104496 /* Coin3.png */; };
		1CA682EB1AD270E900104496 /* SKBCoin.m in Sources */ = {isa = PBXBuildFile; fileRef = 1CA682EA1AD270E900104496 /* SKBCoin.m */; };
		1CDB92A61ACCDFDC00774579 /* SKBUtils.m in Sources */ = {isa = PBXBuildFile; fileRef = 1CDB92A51ACCDFDC00774579 /* SKBUtils.m */; };
/* End PBXBuildFile section */

/* Begin PBXFileReference section */
		1C417DCB1ACE8E520011C490 /* SKBLedge.h */ = {isa = PBXFileReference; fileEncoding = 4; lastKnownFileType = sourcecode.c.h; path = SKBLedge.h; sourceTree = "<group>"; };
		1C417DCC1ACE8E520011C490 /* SKBLedge.m */ = {isa = PBXFileReference; fileEncoding = 4; lastKnownFileType = sourcecode.c.objc; path = SKBLedge.m; sourceTree = "<group>"; };
		1C78ABAC1ACE33E5000FE213 /* Backdrop_480.png */ = {isa = PBXFileReference; lastKnownFileType = image.png; name = Backdrop_480.png; path = Images/Backdrop_480.png; sourceTree = "<group>"; };
		1C78ABAD1ACE33E5000FE213 /* Backdrop_568.png */ = {isa = PBXFileReference; lastKnownFileType = image.png; name = Backdrop_568.png; path = Images/Backdrop_568.png; sourceTree = "<group>"; };
		1C78ABAE1ACE33E5000FE213 /* Base_600.png */ = {isa = PBXFileReference; lastKnownFileType = image.png; name = Base_600.png; path = Images/Base_600.png; sourceTree = "<group>"; };
		1C78ABAF1ACE33E5000FE213 /* LedgeBrick.png */ = {isa = PBXFileReference; lastKnownFileType = image.png; name = LedgeBrick.png; path = Images/LedgeBrick.png; sourceTree = "<group>"; };
		1C78ABB01ACE33E5000FE213 /* Player_Left_Still.png */ = {isa = PBXFileReference; lastKnownFileType = image.png; name = Player_Left_Still.png; path = Images/Player_Left_Still.png; sourceTree = "<group>"; };
		1C78ABB11ACE33E5000FE213 /* Player_Left1.png */ = {isa = PBXFileReference; lastKnownFileType = image.png; name = Player_Left1.png; path = Images/Player_Left1.png; sourceTree = "<group>"; };
		1C78ABB21ACE33E5000FE213 /* Player_Left2.png */ = {isa = PBXFileReference; lastKnownFileType = image.png; name = Player_Left2.png; path = Images/Player_Left2.png; sourceTree = "<group>"; };
		1C78ABB31ACE33E5000FE213 /* Player_Left3.png */ = {isa = PBXFileReference; lastKnownFileType = image.png; name = Player_Left3.png; path = Images/Player_Left3.png; sourceTree = "<group>"; };
		1C78ABB41ACE33E5000FE213 /* Player_Left4.png */ = {isa = PBXFileReference; lastKnownFileType = image.png; name = Player_Left4.png; path = Images/Player_Left4.png; sourceTree = "<group>"; };
		1C78ABB51ACE33E5000FE213 /* Player_LeftJump.png */ = {isa = PBXFileReference; lastKnownFileType = image.png; name = Player_LeftJump.png; path = Images/Player_LeftJump.png; sourceTree = "<group>"; };
		1C78ABB61ACE33E5000FE213 /* Player_LeftSkid.png */ = {isa = PBXFileReference; lastKnownFileType = image.png; name = Player_LeftSkid.png; path = Images/Player_LeftSkid.png; sourceTree = "<group>"; };
		1C78ABB71ACE33E5000FE213 /* Player_Right_Still.png */ = {isa = PBXFileReference; lastKnownFileType = image.png; name = Player_Right_Still.png; path = Images/Player_Right_Still.png; sourceTree = "<group>"; };
		1C78ABB81ACE33E5000FE213 /* Player_Right1.png */ = {isa = PBXFileReference; lastKnownFileType = image.png; name = Player_Right1.png; path = Images/Player_Right1.png; sourceTree = "<group>"; };
		1C78ABB91ACE33E5000FE213 /* Player_Right2.png */ = {isa = PBXFileReference; lastKnownFileType = image.png; name = Player_Right2.png; path = Images/Player_Right2.png; sourceTree = "<group>"; };
		1C78ABBA1ACE33E5000FE213 /* Player_Right3.png */ = {isa = PBXFileReference; lastKnownFileType = image.png; name = Player_Right3.png; path = Images/Player_Right3.png; sourceTree = "<group>"; };
		1C78ABBB1ACE33E5000FE213 /* Player_Right4.png */ = {isa = PBXFileReference; lastKnownFileType = image.png; name = Player_Right4.png; path = Images/Player_Right4.png; sourceTree = "<group>"; };
		1C78ABBC1ACE33E5000FE213 /* Player_RightJump.png */ = {isa = PBXFileReference; lastKnownFileType = image.png; name = Player_RightJump.png; path = Images/Player_RightJump.png; sourceTree = "<group>"; };
		1C78ABBD1ACE33E5000FE213 /* Player_RightSkid.png */ = {isa = PBXFileReference; lastKnownFileType = image.png; name = Player_RightSkid.png; path = Images/Player_RightSkid.png; sourceTree = "<group>"; };
		1C78ABBE1ACE33E5000FE213 /* SewerSplash_480.png */ = {isa = PBXFileReference; lastKnownFileType = image.png; name = SewerSplash_480.png; path = Images/SewerSplash_480.png; sourceTree = "<group>"; };
		1C78ABBF1ACE33E5000FE213 /* SewerSplash_568.png */ = {isa = PBXFileReference; lastKnownFileType = image.png; name = SewerSplash_568.png; path = Images/SewerSplash_568.png; sourceTree = "<group>"; };
		1C8C70C21ACB958B00E3B7A5 /* SpriteKitTutorial1.app */ = {isa = PBXFileReference; explicitFileType = wrapper.application; includeInIndex = 0; path = SpriteKitTutorial1.app; sourceTree = BUILT_PRODUCTS_DIR; };
		1C8C70C61ACB958B00E3B7A5 /* Info.plist */ = {isa = PBXFileReference; lastKnownFileType = text.plist.xml; path = Info.plist; sourceTree = "<group>"; };
		1C8C70C71ACB958B00E3B7A5 /* main.m */ = {isa = PBXFileReference; lastKnownFileType = sourcecode.c.objc; path = main.m; sourceTree = "<group>"; };
		1C8C70C91ACB958B00E3B7A5 /* AppDelegate.h */ = {isa = PBXFileReference; lastKnownFileType = sourcecode.c.h; path = AppDelegate.h; sourceTree = "<group>"; };
		1C8C70CA1ACB958B00E3B7A5 /* AppDelegate.m */ = {isa = PBXFileReference; lastKnownFileType = sourcecode.c.objc; path = AppDelegate.m; sourceTree = "<group>"; };
		1C8C70CF1ACB958B00E3B7A5 /* GameScene.sks */ = {isa = PBXFileReference; lastKnownFileType = file.sks; path = GameScene.sks; sourceTree = "<group>"; };
		1C8C70D11ACB958B00E3B7A5 /* GameViewController.h */ = {isa = PBXFileReference; lastKnownFileType = sourcecode.c.h; path = GameViewController.h; sourceTree = "<group>"; };
		1C8C70D21ACB958B00E3B7A5 /* GameViewController.m */ = {isa = PBXFileReference; lastKnownFileType = sourcecode.c.objc; path = GameViewController.m; sourceTree = "<group>"; };
		1C8C70D51ACB958B00E3B7A5 /* Base */ = {isa = PBXFileReference; lastKnownFileType = file.storyboard; name = Base; path = Base.lproj/Main.storyboard; sourceTree = "<group>"; };
		1C8C70D71ACB958B00E3B7A5 /* Images.xcassets */ = {isa = PBXFileReference; lastKnownFileType = folder.assetcatalog; path = Images.xcassets; sourceTree = "<group>"; };
		1C8C70DA1ACB958B00E3B7A5 /* Base */ = {isa = PBXFileReference; lastKnownFileType = file.xib; name = Base; path = Base.lproj/LaunchScreen.xib; sourceTree = "<group>"; };
		1C8C70E51ACB958C00E3B7A5 /* Info.plist */ = {isa = PBXFileReference; lastKnownFileType = text.plist.xml; path = Info.plist; sourceTree = "<group>"; };
		1C8C70E61ACB958C00E3B7A5 /* SpriteKitTutorial1Tests.m */ = {isa = PBXFileReference; lastKnownFileType = sourcecode.c.objc; path = SpriteKitTutorial1Tests.m; sourceTree = "<group>"; };
		1C8C70FD1ACBC53000E3B7A5 /* SKBSplashScene.h */ = {isa = PBXFileReference; fileEncoding = 4; lastKnownFileType = sourcecode.c.h; path = SKBSplashScene.h; sourceTree = "<group>"; };
		1C8C70FE1ACBC53000E3B7A5 /* SKBSplashScene.m */ = {isa = PBXFileReference; fileEncoding = 4; lastKnownFileType = sourcecode.c.objc; path = SKBSplashScene.m; sourceTree = "<group>"; };
		1C8C71031ACBCAF400E3B7A5 /* SKBGameScene.h */ = {isa = PBXFileReference; fileEncoding = 4; lastKnownFileType = sourcecode.c.h; path = SKBGameScene.h; sourceTree = "<group>"; };
		1C8C71041ACBCAF400E3B7A5 /* SKBGameScene.m */ = {isa = PBXFileReference; fileEncoding = 4; lastKnownFileType = sourcecode.c.objc; path = SKBGameScene.m; sourceTree = "<group>"; };
		1C8C71061ACBD84600E3B7A5 /* SKBPlayer.h */ = {isa = PBXFileReference; fileEncoding = 4; lastKnownFileType = sourcecode.c.h; path = SKBPlayer.h; sourceTree = "<group>"; };
		1C8C71071ACBD84600E3B7A5 /* SKBPlayer.m */ = {isa = PBXFileReference; fileEncoding = 4; lastKnownFileType = sourcecode.c.objc; path = SKBPlayer.m; sourceTree = "<group>"; };
		1C8C71091ACBE29C00E3B7A5 /* SKBSpriteTextures.h */ = {isa = PBXFileReference; fileEncoding = 4; lastKnownFileType = sourcecode.c.h; path = SKBSpriteTextures.h; sourceTree = "<group>"; };
		1C8C710A1ACBE29C00E3B7A5 /* SKBSpriteTextures.m */ = {isa = PBXFileReference; fileEncoding = 4; lastKnownFileType = sourcecode.c.objc; path = SKBSpriteTextures.m; sourceTree = "<group>"; };
		1CA682CC1AD2229A00104496 /* SKBRat.h */ = {isa = PBXFileReference; fileEncoding = 4; lastKnownFileType = sourcecode.c.h; path = SKBRat.h; sourceTree = "<group>"; };
		1CA682CD1AD2229A00104496 /* SKBRat.m */ = {isa = PBXFileReference; fileEncoding = 4; lastKnownFileType = sourcecode.c.objc; path = SKBRat.m; sourceTree = "<group>"; };
		1CA682CF1AD232D700104496 /* Ratz_Left1.png */ = {isa = PBXFileReference; lastKnownFileType = image.png; path = Ratz_Left1.png; sourceTree = "<group>"; };
		1CA682D01AD232D700104496 /* Ratz_Left2.png */ = {isa = PBXFileReference; lastKnownFileType = image.png; path = Ratz_Left2.png; sourceTree = "<group>"; };
		1CA682D11AD232D700104496 /* Ratz_Left3.png */ = {isa = PBXFileReference; lastKnownFileType = image.png; path = Ratz_Left3.png; sourceTree = "<group>"; };
		1CA682D21AD232D700104496 /* Ratz_Left4.png */ = {isa = PBXFileReference; lastKnownFileType = image.png; path = Ratz_Left4.png; sourceTree = "<group>"; };
		1CA682D31AD232D700104496 /* Ratz_Left5.png */ = {isa = PBXFileReference; lastKnownFileType = image.png; path = Ratz_Left5.png; sourceTree = "<group>"; };
		1CA682D41AD232D700104496 /* Ratz_Right1.png */ = {isa = PBXFileReference; lastKnownFileType = image.png; path = Ratz_Right1.png; sourceTree = "<group>"; };
		1CA682D51AD232D700104496 /* Ratz_Right2.png */ = {isa = PBXFileReference; lastKnownFileType = image.png; path = Ratz_Right2.png; sourceTree = "<group>"; };
		1CA682D61AD232D700104496 /* Ratz_Right3.png */ = {isa = PBXFileReference; lastKnownFileType = image.png; path = Ratz_Right3.png; sourceTree = "<group>"; };
		1CA682D71AD232D700104496 /* Ratz_Right4.png */ = {isa = PBXFileReference; lastKnownFileType = image.png; path = Ratz_Right4.png; sourceTree = "<group>"; };
		1CA682D81AD232D700104496 /* Ratz_Right5.png */ = {isa = PBXFileReference; lastKnownFileType = image.png; path = Ratz_Right5.png; sourceTree = "<group>"; };
		1CA682E31AD26CDB00104496 /* Coin1.png */ = {isa = PBXFileReference; lastKnownFileType = image.png; path = Coin1.png; sourceTree = "<group>"; };
		1CA682E41AD26CDB00104496 /* Coin2.png */ = {isa = PBXFileReference; lastKnownFileType = image.png; path = Coin2.png; sourceTree = "<group>"; };
		1CA682E51AD26CDB00104496 /* Coin3.png */ = {isa = PBXFileReference; lastKnownFileType = image.png; path = Coin3.png; sourceTree = "<group>"; };
		1CA682E91AD270E900104496 /* SKBCoin.h */ = {isa = PBXFileReference; fileEncoding = 4; lastKnownFileType = sourcecode.c.h; path = SKBCoin.h; sourceTree = "<group>"; };
		1CA682EA1AD270E900104496 /* SKBCoin.m */ = {isa = PBXFileReference; fileEncoding = 4; lastKnownFileType = sourcecode.c.objc; path = SKBCoin.m; sourceTree = "<group>"; };
		1CDB92A41ACCDFDC00774579 /* SKBUtils.h */ = {isa = PBXFileReference; fileEncoding = 4; lastKnownFileType = sourcecode.c.h; path = SKBUtils.h; sourceTree = "<group>"; };
		1CDB92A51ACCDFDC00774579 /* SKBUtils.m */ = {isa = PBXFileReference; fileEncoding = 4; lastKnownFileType = sourcecode.c.objc; path = SKBUtils.m; sourceTree = "<group>"; };
/* End PBXFileReference section */

/* Begin PBXFrameworksBuildPhase section */
		1C8C70BF1ACB958B00E3B7A5 /* Frameworks */ = {
			isa = PBXFrameworksBuildPhase;
			buildActionMask = 2147483647;
			files = (
			);
			runOnlyForDeploymentPostprocessing = 0;
		};
/* End PBXFrameworksBuildPhase section */

/* Begin PBXGroup section */
		1C8C70B91ACB958B00E3B7A5 = {
			isa = PBXGroup;
			children = (
				1C8C70C41ACB958B00E3B7A5 /* SpriteKitTutorial1 */,
				1C8C70E31ACB958C00E3B7A5 /* SpriteKitTutorial1Tests */,
				1C8C70C31ACB958B00E3B7A5 /* Products */,
			);
			sourceTree = "<group>";
		};
		1C8C70C31ACB958B00E3B7A5 /* Products */ = {
			isa = PBXGroup;
			children = (
				1C8C70C21ACB958B00E3B7A5 /* SpriteKitTutorial1.app */,
			);
			name = Products;
			sourceTree = "<group>";
		};
		1C8C70C41ACB958B00E3B7A5 /* SpriteKitTutorial1 */ = {
			isa = PBXGroup;
			children = (
				1C8C70C91ACB958B00E3B7A5 /* AppDelegate.h */,
				1C8C70CA1ACB958B00E3B7A5 /* AppDelegate.m */,
				1CDB92A41ACCDFDC00774579 /* SKBUtils.h */,
				1CDB92A51ACCDFDC00774579 /* SKBUtils.m */,
				1C8C711E1ACBE8AF00E3B7A5 /* Controller */,
				1C8C711D1ACBE89E00E3B7A5 /* Scene */,
				1C8C711C1ACBE88F00E3B7A5 /* Classes */,
				1C8C70F01ACBC1FA00E3B7A5 /* Images */,
				1C8C71091ACBE29C00E3B7A5 /* SKBSpriteTextures.h */,
				1C8C710A1ACBE29C00E3B7A5 /* SKBSpriteTextures.m */,
				1C8C70CF1ACB958B00E3B7A5 /* GameScene.sks */,
				1C8C70D41ACB958B00E3B7A5 /* Main.storyboard */,
				1C8C70D71ACB958B00E3B7A5 /* Images.xcassets */,
				1C8C70D91ACB958B00E3B7A5 /* LaunchScreen.xib */,
				1C8C70C51ACB958B00E3B7A5 /* Supporting Files */,
			);
			path = SpriteKitTutorial1;
			sourceTree = "<group>";
		};
		1C8C70C51ACB958B00E3B7A5 /* Supporting Files */ = {
			isa = PBXGroup;
			children = (
				1C8C70C61ACB958B00E3B7A5 /* Info.plist */,
				1C8C70C71ACB958B00E3B7A5 /* main.m */,
			);
			name = "Supporting Files";
			sourceTree = "<group>";
		};
		1C8C70E31ACB958C00E3B7A5 /* SpriteKitTutorial1Tests */ = {
			isa = PBXGroup;
			children = (
				1C8C70E61ACB958C00E3B7A5 /* SpriteKitTutorial1Tests.m */,
				1C8C70E41ACB958C00E3B7A5 /* Supporting Files */,
			);
			path = SpriteKitTutorial1Tests;
			sourceTree = "<group>";
		};
		1C8C70E41ACB958C00E3B7A5 /* Supporting Files */ = {
			isa = PBXGroup;
			children = (
				1C8C70E51ACB958C00E3B7A5 /* Info.plist */,
			);
			name = "Supporting Files";
			sourceTree = "<group>";
		};
		1C8C70F01ACBC1FA00E3B7A5 /* Images */ = {
			isa = PBXGroup;
			children = (
				1CA682E31AD26CDB00104496 /* Coin1.png */,
				1CA682E41AD26CDB00104496 /* Coin2.png */,
				1CA682E51AD26CDB00104496 /* Coin3.png */,
				1CA682CF1AD232D700104496 /* Ratz_Left1.png */,
				1CA682D01AD232D700104496 /* Ratz_Left2.png */,
				1CA682D11AD232D700104496 /* Ratz_Left3.png */,
				1CA682D21AD232D700104496 /* Ratz_Left4.png */,
				1CA682D31AD232D700104496 /* Ratz_Left5.png */,
				1CA682D41AD232D700104496 /* Ratz_Right1.png */,
				1CA682D51AD232D700104496 /* Ratz_Right2.png */,
				1CA682D61AD232D700104496 /* Ratz_Right3.png */,
				1CA682D71AD232D700104496 /* Ratz_Right4.png */,
				1CA682D81AD232D700104496 /* Ratz_Right5.png */,
				1C78ABAC1ACE33E5000FE213 /* Backdrop_480.png */,
				1C78ABAD1ACE33E5000FE213 /* Backdrop_568.png */,
				1C78ABAE1ACE33E5000FE213 /* Base_600.png */,
				1C78ABAF1ACE33E5000FE213 /* LedgeBrick.png */,
				1C78ABB01ACE33E5000FE213 /* Player_Left_Still.png */,
				1C78ABB11ACE33E5000FE213 /* Player_Left1.png */,
				1C78ABB21ACE33E5000FE213 /* Player_Left2.png */,
				1C78ABB31ACE33E5000FE213 /* Player_Left3.png */,
				1C78ABB41ACE33E5000FE213 /* Player_Left4.png */,
				1C78ABB51ACE33E5000FE213 /* Player_LeftJump.png */,
				1C78ABB61ACE33E5000FE213 /* Player_LeftSkid.png */,
				1C78ABB71ACE33E5000FE213 /* Player_Right_Still.png */,
				1C78ABB81ACE33E5000FE213 /* Player_Right1.png */,
				1C78ABB91ACE33E5000FE213 /* Player_Right2.png */,
				1C78ABBA1ACE33E5000FE213 /* Player_Right3.png */,
				1C78ABBB1ACE33E5000FE213 /* Player_Right4.png */,
				1C78ABBC1ACE33E5000FE213 /* Player_RightJump.png */,
				1C78ABBD1ACE33E5000FE213 /* Player_RightSkid.png */,
				1C78ABBE1ACE33E5000FE213 /* SewerSplash_480.png */,
				1C78ABBF1ACE33E5000FE213 /* SewerSplash_568.png */,
			);
			name = Images;
			sourceTree = "<group>";
		};
		1C8C711C1ACBE88F00E3B7A5 /* Classes */ = {
			isa = PBXGroup;
			children = (
				1C8C71061ACBD84600E3B7A5 /* SKBPlayer.h */,
				1C8C71071ACBD84600E3B7A5 /* SKBPlayer.m */,
				1C417DCB1ACE8E520011C490 /* SKBLedge.h */,
				1C417DCC1ACE8E520011C490 /* SKBLedge.m */,
				1CA682CC1AD2229A00104496 /* SKBRat.h */,
				1CA682CD1AD2229A00104496 /* SKBRat.m */,
				1CA682E91AD270E900104496 /* SKBCoin.h */,
				1CA682EA1AD270E900104496 /* SKBCoin.m */,
			);
			name = Classes;
			sourceTree = "<group>";
		};
		1C8C711D1ACBE89E00E3B7A5 /* Scene */ = {
			isa = PBXGroup;
			children = (
				1C8C70FD1ACBC53000E3B7A5 /* SKBSplashScene.h */,
				1C8C70FE1ACBC53000E3B7A5 /* SKBSplashScene.m */,
				1C8C71031ACBCAF400E3B7A5 /* SKBGameScene.h */,
				1C8C71041ACBCAF400E3B7A5 /* SKBGameScene.m */,
			);
			name = Scene;
			sourceTree = "<group>";
		};
		1C8C711E1ACBE8AF00E3B7A5 /* Controller */ = {
			isa = PBXGroup;
			children = (
				1C8C70D11ACB958B00E3B7A5 /* GameViewController.h */,
				1C8C70D21ACB958B00E3B7A5 /* GameViewController.m */,
			);
			name = Controller;
			sourceTree = "<group>";
		};
/* End PBXGroup section */

/* Begin PBXNativeTarget section */
		1C8C70C11ACB958B00E3B7A5 /* SpriteKitTutorial1 */ = {
			isa = PBXNativeTarget;
			buildConfigurationList = 1C8C70EA1ACB958C00E3B7A5 /* Build configuration list for PBXNativeTarget "SpriteKitTutorial1" */;
			buildPhases = (
				1C8C70BE1ACB958B00E3B7A5 /* Sources */,
				1C8C70BF1ACB958B00E3B7A5 /* Frameworks */,
				1C8C70C01ACB958B00E3B7A5 /* Resources */,
			);
			buildRules = (
			);
			dependencies = (
			);
			name = SpriteKitTutorial1;
			productName = SpriteKitTutorial1;
			productReference = 1C8C70C21ACB958B00E3B7A5 /* SpriteKitTutorial1.app */;
			productType = "com.apple.product-type.application";
		};
/* End PBXNativeTarget section */

/* Begin PBXProject section */
		1C8C70BA1ACB958B00E3B7A5 /* Project object */ = {
			isa = PBXProject;
			attributes = {
				CLASSPREFIX = SKB;
				LastUpgradeCheck = 0620;
				ORGANIZATIONNAME = hieu;
				TargetAttributes = {
					1C8C70C11ACB958B00E3B7A5 = {
						CreatedOnToolsVersion = 6.2;
					};
				};
			};
			buildConfigurationList = 1C8C70BD1ACB958B00E3B7A5 /* Build configuration list for PBXProject "SpriteKitTutorial1" */;
			compatibilityVersion = "Xcode 3.2";
			developmentRegion = English;
			hasScannedForEncodings = 0;
			knownRegions = (
				en,
				Base,
			);
			mainGroup = 1C8C70B91ACB958B00E3B7A5;
			productRefGroup = 1C8C70C31ACB958B00E3B7A5 /* Products */;
			projectDirPath = "";
			projectRoot = "";
			targets = (
				1C8C70C11ACB958B00E3B7A5 /* SpriteKitTutorial1 */,
			);
		};
/* End PBXProject section */

/* Begin PBXResourcesBuildPhase section */
		1C8C70C01ACB958B00E3B7A5 /* Resources */ = {
			isa = PBXResourcesBuildPhase;
			buildActionMask = 2147483647;
			files = (
				1C78ABCA1ACE33E5000FE213 /* Player_LeftSkid.png in Resources */,
				1C8C70DB1ACB958B00E3B7A5 /* LaunchScreen.xib in Resources */,
				1C78ABC71ACE33E5000FE213 /* Player_Left3.png in Resources */,
				1C78ABC21ACE33E5000FE213 /* Base_600.png in Resources */,
				1C78ABD11ACE33E5000FE213 /* Player_RightSkid.png in Resources */,
				1CA682E11AD232D700104496 /* Ratz_Right4.png in Resources */,
				1C78ABCD1ACE33E5000FE213 /* Player_Right2.png in Resources */,
				1CA682E71AD26CDB00104496 /* Coin2.png in Resources */,
				1CA682DB1AD232D700104496 /* Ratz_Left3.png in Resources */,
				1C78ABC11ACE33E5000FE213 /* Backdrop_568.png in Resources */,
				1C78ABC41ACE33E5000FE213 /* Player_Left_Still.png in Resources */,
				1C78ABCE1ACE33E5000FE213 /* Player_Right3.png in Resources */,
				1C78ABD31ACE33E5000FE213 /* SewerSplash_568.png in Resources */,
				1CA682DE1AD232D700104496 /* Ratz_Right1.png in Resources */,
				1C78ABC01ACE33E5000FE213 /* Backdrop_480.png in Resources */,
				1CA682E61AD26CDB00104496 /* Coin1.png in Resources */,
				1C78ABC81ACE33E5000FE213 /* Player_Left4.png in Resources */,
				1C78ABCC1ACE33E5000FE213 /* Player_Right1.png in Resources */,
				1CA682DD1AD232D700104496 /* Ratz_Left5.png in Resources */,
				1C78ABC61ACE33E5000FE213 /* Player_Left2.png in Resources */,
				1CA682DA1AD232D700104496 /* Ratz_Left2.png in Resources */,
				1C78ABD01ACE33E5000FE213 /* Player_RightJump.png in Resources */,
				1CA682E01AD232D700104496 /* Ratz_Right3.png in Resources */,
				1C8C70D81ACB958B00E3B7A5 /* Images.xcassets in Resources */,
				1C78ABCB1ACE33E5000FE213 /* Player_Right_Still.png in Resources */,
				1CA682E81AD26CDB00104496 /* Coin3.png in Resources */,
				1C78ABCF1ACE33E5000FE213 /* Player_Right4.png in Resources */,
				1C78ABC31ACE33E5000FE213 /* LedgeBrick.png in Resources */,
				1CA682E21AD232D700104496 /* Ratz_Right5.png in Resources */,
				1C78ABC51ACE33E5000FE213 /* Player_Left1.png in Resources */,
				1CA682DF1AD232D700104496 /* Ratz_Right2.png in Resources */,
				1CA682D91AD232D700104496 /* Ratz_Left1.png in Resources */,
				1C78ABD21ACE33E5000FE213 /* SewerSplash_480.png in Resources */,
				1CA682DC1AD232D700104496 /* Ratz_Left4.png in Resources */,
				1C8C70D01ACB958B00E3B7A5 /* GameScene.sks in Resources */,
				1C8C70D61ACB958B00E3B7A5 /* Main.storyboard in Resources */,
				1C78ABC91ACE33E5000FE213 /* Player_LeftJump.png in Resources */,
			);
			runOnlyForDeploymentPostprocessing = 0;
		};
/* End PBXResourcesBuildPhase section */

/* Begin PBXSourcesBuildPhase section */
		1C8C70BE1ACB958B00E3B7A5 /* Sources */ = {
			isa = PBXSourcesBuildPhase;
			buildActionMask = 2147483647;
			files = (
				1C8C70FF1ACBC53000E3B7A5 /* SKBSplashScene.m in Sources */,
				1C417DCD1ACE8E520011C490 /* SKBLedge.m in Sources */,
				1C8C710B1ACBE29C00E3B7A5 /* SKBSpriteTextures.m in Sources */,
				1CDB92A61ACCDFDC00774579 /* SKBUtils.m in Sources */,
				1C8C70D31ACB958B00E3B7A5 /* GameViewController.m in Sources */,
				1C8C71081ACBD84600E3B7A5 /* SKBPlayer.m in Sources */,
				1CA682CE1AD2229A00104496 /* SKBRat.m in Sources */,
				1C8C70CB1ACB958B00E3B7A5 /* AppDelegate.m in Sources */,
				1C8C71051ACBCAF400E3B7A5 /* SKBGameScene.m in Sources */,
				1C8C70C81ACB958B00E3B7A5 /* main.m in Sources */,
				1CA682EB1AD270E900104496 /* SKBCoin.m in Sources */,
			);
			runOnlyForDeploymentPostprocessing = 0;
		};
/* End PBXSourcesBuildPhase section */

/* Begin PBXVariantGroup section */
		1C8C70D41ACB958B00E3B7A5 /* Main.storyboard */ = {
			isa = PBXVariantGroup;
			children = (
				1C8C70D51ACB958B00E3B7A5 /* Base */,
			);
			name = Main.storyboard;
			sourceTree = "<group>";
		};
		1C8C70D91ACB958B00E3B7A5 /* LaunchScreen.xib */ = {
			isa = PBXVariantGroup;
			children = (
				1C8C70DA1ACB958B00E3B7A5 /* Base */,
			);
			name = LaunchScreen.xib;
			sourceTree = "<group>";
		};
/* End PBXVariantGroup section */

/* Begin XCBuildConfiguration section */
		1C8C70E81ACB958C00E3B7A5 /* Debug */ = {
			isa = XCBuildConfiguration;
			buildSettings = {
				ALWAYS_SEARCH_USER_PATHS = NO;
				CLANG_CXX_LANGUAGE_STANDARD = "gnu++0x";
				CLANG_CXX_LIBRARY = "libc++";
				CLANG_ENABLE_MODULES = YES;
				CLANG_ENABLE_OBJC_ARC = YES;
				CLANG_WARN_BOOL_CONVERSION = YES;
				CLANG_WARN_CONSTANT_CONVERSION = YES;
				CLANG_WARN_DIRECT_OBJC_ISA_USAGE = YES_ERROR;
				CLANG_WARN_EMPTY_BODY = YES;
				CLANG_WARN_ENUM_CONVERSION = YES;
				CLANG_WARN_INT_CONVERSION = YES;
				CLANG_WARN_OBJC_ROOT_CLASS = YES_ERROR;
				CLANG_WARN_UNREACHABLE_CODE = YES;
				CLANG_WARN__DUPLICATE_METHOD_MATCH = YES;
				"CODE_SIGN_IDENTITY[sdk=iphoneos*]" = "iPhone Developer";
				COPY_PHASE_STRIP = NO;
				ENABLE_STRICT_OBJC_MSGSEND = YES;
				GCC_C_LANGUAGE_STANDARD = gnu99;
				GCC_DYNAMIC_NO_PIC = NO;
				GCC_OPTIMIZATION_LEVEL = 0;
				GCC_PREPROCESSOR_DEFINITIONS = (
					"DEBUG=1",
					"$(inherited)",
				);
				GCC_SYMBOLS_PRIVATE_EXTERN = NO;
				GCC_WARN_64_TO_32_BIT_CONVERSION = YES;
				GCC_WARN_ABOUT_RETURN_TYPE = YES_ERROR;
				GCC_WARN_UNDECLARED_SELECTOR = YES;
				GCC_WARN_UNINITIALIZED_AUTOS = YES_AGGRESSIVE;
				GCC_WARN_UNUSED_FUNCTION = YES;
				GCC_WARN_UNUSED_VARIABLE = YES;
				IPHONEOS_DEPLOYMENT_TARGET = 7.0;
				MTL_ENABLE_DEBUG_INFO = YES;
				ONLY_ACTIVE_ARCH = YES;
				SDKROOT = iphoneos;
				TARGETED_DEVICE_FAMILY = "1,2";
			};
			name = Debug;
		};
		1C8C70E91ACB958C00E3B7A5 /* Release */ = {
			isa = XCBuildConfiguration;
			buildSettings = {
				ALWAYS_SEARCH_USER_PATHS = NO;
				CLANG_CXX_LANGUAGE_STANDARD = "gnu++0x";
				CLANG_CXX_LIBRARY = "libc++";
				CLANG_ENABLE_MODULES = YES;
				CLANG_ENABLE_OBJC_ARC = YES;
				CLANG_WARN_BOOL_CONVERSION = YES;
				CLANG_WARN_CONSTANT_CONVERSION = YES;
				CLANG_WARN_DIRECT_OBJC_ISA_USAGE = YES_ERROR;
				CLANG_WARN_EMPTY_BODY = YES;
				CLANG_WARN_ENUM_CONVERSION = YES;
				CLANG_WARN_INT_CONVERSION = YES;
				CLANG_WARN_OBJC_ROOT_CLASS = YES_ERROR;
				CLANG_WARN_UNREACHABLE_CODE = YES;
				CLANG_WARN__DUPLICATE_METHOD_MATCH = YES;
				"CODE_SIGN_IDENTITY[sdk=iphoneos*]" = "iPhone Developer";
				COPY_PHASE_STRIP = NO;
				ENABLE_NS_ASSERTIONS = NO;
				ENABLE_STRICT_OBJC_MSGSEND = YES;
				GCC_C_LANGUAGE_STANDARD = gnu99;
				GCC_WARN_64_TO_32_BIT_CONVERSION = YES;
				GCC_WARN_ABOUT_RETURN_TYPE = YES_ERROR;
				GCC_WARN_UNDECLARED_SELECTOR = YES;
				GCC_WARN_UNINITIALIZED_AUTOS = YES_AGGRESSIVE;
				GCC_WARN_UNUSED_FUNCTION = YES;
				GCC_WARN_UNUSED_VARIABLE = YES;
				IPHONEOS_DEPLOYMENT_TARGET = 7.0;
				MTL_ENABLE_DEBUG_INFO = NO;
				SDKROOT = iphoneos;
				TARGETED_DEVICE_FAMILY = "1,2";
				VALIDATE_PRODUCT = YES;
			};
			name = Release;
		};
		1C8C70EB1ACB958C00E3B7A5 /* Debug */ = {
			isa = XCBuildConfiguration;
			buildSettings = {
				ASSETCATALOG_COMPILER_APPICON_NAME = AppIcon;
				ASSETCATALOG_COMPILER_LAUNCHIMAGE_NAME = LaunchImage;
				INFOPLIST_FILE = SpriteKitTutorial1/Info.plist;
				IPHONEOS_DEPLOYMENT_TARGET = 7.0;
				LD_RUNPATH_SEARCH_PATHS = "$(inherited) @executable_path/Frameworks";
				PRODUCT_NAME = "$(TARGET_NAME)";
			};
			name = Debug;
		};
		1C8C70EC1ACB958C00E3B7A5 /* Release */ = {
			isa = XCBuildConfiguration;
			buildSettings = {
				ASSETCATALOG_COMPILER_APPICON_NAME = AppIcon;
				ASSETCATALOG_COMPILER_LAUNCHIMAGE_NAME = LaunchImage;
				INFOPLIST_FILE = SpriteKitTutorial1/Info.plist;
				IPHONEOS_DEPLOYMENT_TARGET = 7.0;
				LD_RUNPATH_SEARCH_PATHS = "$(inherited) @executable_path/Frameworks";
				PRODUCT_NAME = "$(TARGET_NAME)";
			};
			name = Release;
		};
/* End XCBuildConfiguration section */

/* Begin XCConfigurationList section */
		1C8C70BD1ACB958B00E3B7A5 /* Build configuration list for PBXProject "SpriteKitTutorial1" */ = {
			isa = XCConfigurationList;
			buildConfigurations = (
				1C8C70E81ACB958C00E3B7A5 /* Debug */,
				1C8C70E91ACB958C00E3B7A5 /* Release */,
			);
			defaultConfigurationIsVisible = 0;
			defaultConfigurationName = Release;
		};
		1C8C70EA1ACB958C00E3B7A5 /* Build configuration list for PBXNativeTarget "SpriteKitTutorial1" */ = {
			isa = XCConfigurationList;
			buildConfigurations = (
				1C8C70EB1ACB958C00E3B7A5 /* Debug */,
				1C8C70EC1ACB958C00E3B7A5 /* Release */,
			);
			defaultConfigurationIsVisible = 0;
			defaultConfigurationName = Release;
		};
/* End XCConfigurationList section */
	};
	rootObject = 1C8C70BA1ACB958B00E3B7A5 /* Project object */;
}
